
Microsoft Visual Studio Solution File, Format Version 12.00
# Visual Studio Version 16
VisualStudioVersion = 16.0.29020.237
MinimumVisualStudioVersion = 10.0.40219.1
Project("{FAE04EC0-301F-11D3-BF4B-00C04F79EFBC}") = "Github Test", "Github Test.csproj", "{1773DAAE-9903-45DF-B454-D2D2FAA2A122}"
EndProject
Global
	GlobalSection(SolutionConfigurationPlatforms) = preSolution
		Debug|Any CPU = Debug|Any CPU
		Release|Any CPU = Release|Any CPU
	EndGlobalSection
	GlobalSection(ProjectConfigurationPlatforms) = postSolution
		{1773DAAE-9903-45DF-B454-D2D2FAA2A122}.Debug|Any CPU.ActiveCfg = Debug|Any CPU
		{1773DAAE-9903-45DF-B454-D2D2FAA2A122}.Debug|Any CPU.Build.0 = Debug|Any CPU
		{1773DAAE-9903-45DF-B454-D2D2FAA2A122}.Release|Any CPU.ActiveCfg = Release|Any CPU
		{1773DAAE-9903-45DF-B454-D2D2FAA2A122}.Release|Any CPU.Build.0 = Release|Any CPU
	EndGlobalSection
	GlobalSection(SolutionProperties) = preSolution
		HideSolutionNode = FALSE
	EndGlobalSection
	GlobalSection(ExtensibilityGlobals) = postSolution
		SolutionGuid = {E09070F7-6E97-4EBB-B673-1A16A0E75E1C}
	EndGlobalSection
EndGlobal
